
Microsoft Visual Studio Solution File, Format Version 12.00
# Visual Studio Version 17
VisualStudioVersion = 17.4.33213.308
MinimumVisualStudioVersion = 10.0.40219.1
Project("{9A19103F-16F7-4668-BE54-9A1E7A4F7556}") = "Data", "ChamadosTecnicos51Data\Data.csproj", "{233D4B4C-967C-482C-AF8B-DFEF26A9DCA1}"
EndProject
Project("{9A19103F-16F7-4668-BE54-9A1E7A4F7556}") = "Forms", "ChamadosTecnicos51WinApp\Forms.csproj", "{45844180-E892-45E3-B616-9946D705F6D9}"
	ProjectSection(ProjectDependencies) = postProject
		{233D4B4C-967C-482C-AF8B-DFEF26A9DCA1} = {233D4B4C-967C-482C-AF8B-DFEF26A9DCA1}
	EndProjectSection
EndProject
Global
	GlobalSection(SolutionConfigurationPlatforms) = preSolution
		Debug|Any CPU = Debug|Any CPU
		Release|Any CPU = Release|Any CPU
	EndGlobalSection
	GlobalSection(ProjectConfigurationPlatforms) = postSolution
		{233D4B4C-967C-482C-AF8B-DFEF26A9DCA1}.Debug|Any CPU.ActiveCfg = Debug|Any CPU
		{233D4B4C-967C-482C-AF8B-DFEF26A9DCA1}.Debug|Any CPU.Build.0 = Debug|Any CPU
		{233D4B4C-967C-482C-AF8B-DFEF26A9DCA1}.Release|Any CPU.ActiveCfg = Release|Any CPU
		{233D4B4C-967C-482C-AF8B-DFEF26A9DCA1}.Release|Any CPU.Build.0 = Release|Any CPU
		{45844180-E892-45E3-B616-9946D705F6D9}.Debug|Any CPU.ActiveCfg = Debug|Any CPU
		{45844180-E892-45E3-B616-9946D705F6D9}.Debug|Any CPU.Build.0 = Debug|Any CPU
		{45844180-E892-45E3-B616-9946D705F6D9}.Release|Any CPU.ActiveCfg = Release|Any CPU
		{45844180-E892-45E3-B616-9946D705F6D9}.Release|Any CPU.Build.0 = Release|Any CPU
	EndGlobalSection
	GlobalSection(SolutionProperties) = preSolution
		HideSolutionNode = FALSE
	EndGlobalSection
	GlobalSection(ExtensibilityGlobals) = postSolution
		SolutionGuid = {4FE9EFBA-9277-4640-84B3-654E81A56AE3}
	EndGlobalSection
EndGlobal
